{
  "lockfileVersion": 1,
  "workspaces": {
    "": {
      "name": "unripple",
      "devDependencies": {
        "@ripple-ts/prettier-plugin": "^0.2.158",
        "@ripple-ts/vite-plugin": "^0.2.158",
        "@trivago/prettier-plugin-sort-imports": "^6.0.0",
        "prettier": "^3.6.2",
        "typescript": "^5.9.3",
      },
      "peerDependencies": {
        "ripple": "^0.2.158",
      },
    },
  },
  "packages": {
    "@babel/code-frame": [
      "@babel/code-frame@7.27.1",
      "",
      {
        "dependencies": {
          "@babel/helper-validator-identifier": "^7.27.1",
          "js-tokens": "^4.0.0",
          "picocolors": "^1.1.1",
        },
      },
      "sha512-cjQ7ZlQ0Mv3b47hABuTevyTuYN4i+loJKGeV9flcCgIK37cCXRh+L1bd3iBHlynerhQ7BhCkn2BPbQUL+rGqFg==",
    ],

    "@babel/generator": [
      "@babel/generator@7.28.5",
      "",
      {
        "dependencies": {
          "@babel/parser": "^7.28.5",
          "@babel/types": "^7.28.5",
          "@jridgewell/gen-mapping": "^0.3.12",
          "@jridgewell/trace-mapping": "^0.3.28",
          "jsesc": "^3.0.2",
        },
      },
      "sha512-3EwLFhZ38J4VyIP6WNtt2kUdW9dokXA9Cr4IVIFHuCpZ3H8/YFOl5JjZHisrn1fATPBmKKqXzDFvh9fUwHz6CQ==",
    ],

    "@babel/helper-globals": [
      "@babel/helper-globals@7.28.0",
      "",
      {},
      "sha512-+W6cISkXFa1jXsDEdYA8HeevQT/FULhxzR99pxphltZcVaugps53THCeiWA8SguxxpSp3gKPiuYfSWopkLQ4hw==",
    ],

    "@babel/helper-string-parser": [
      "@babel/helper-string-parser@7.27.1",
      "",
      {},
      "sha512-qMlSxKbpRlAridDExk92nSobyDdpPijUq2DW6oDnUqd0iOGxmQjyqhMIihI9+zv4LPyZdRje2cavWPbCbWm3eA==",
    ],

    "@babel/helper-validator-identifier": [
      "@babel/helper-validator-identifier@7.28.5",
      "",
      {},
      "sha512-qSs4ifwzKJSV39ucNjsvc6WVHs6b7S03sOh2OcHF9UHfVPqWWALUsNUVzhSBiItjRZoLHx7nIarVjqKVusUZ1Q==",
    ],

    "@babel/parser": [
      "@babel/parser@7.28.5",
      "",
      {
        "dependencies": { "@babel/types": "^7.28.5" },
        "bin": "./bin/babel-parser.js",
      },
      "sha512-KKBU1VGYR7ORr3At5HAtUQ+TV3SzRCXmA/8OdDZiLDBIZxVyzXuztPjfLd3BV1PRAQGCMWWSHYhL0F8d5uHBDQ==",
    ],

    "@babel/template": [
      "@babel/template@7.27.2",
      "",
      {
        "dependencies": {
          "@babel/code-frame": "^7.27.1",
          "@babel/parser": "^7.27.2",
          "@babel/types": "^7.27.1",
        },
      },
      "sha512-LPDZ85aEJyYSd18/DkjNh4/y1ntkE5KwUHWTiqgRxruuZL2F1yuHligVHLvcHY2vMHXttKFpJn6LwfI7cw7ODw==",
    ],

    "@babel/traverse": [
      "@babel/traverse@7.28.5",
      "",
      {
        "dependencies": {
          "@babel/code-frame": "^7.27.1",
          "@babel/generator": "^7.28.5",
          "@babel/helper-globals": "^7.28.0",
          "@babel/parser": "^7.28.5",
          "@babel/template": "^7.27.2",
          "@babel/types": "^7.28.5",
          "debug": "^4.3.1",
        },
      },
      "sha512-TCCj4t55U90khlYkVV/0TfkJkAkUg3jZFA3Neb7unZT8CPok7iiRfaX0F+WnqWqt7OxhOn0uBKXCw4lbL8W0aQ==",
    ],

    "@babel/types": [
      "@babel/types@7.28.5",
      "",
      {
        "dependencies": {
          "@babel/helper-string-parser": "^7.27.1",
          "@babel/helper-validator-identifier": "^7.28.5",
        },
      },
      "sha512-qQ5m48eI/MFLQ5PxQj4PFaprjyCTLI37ElWMmNs0K8Lk3dVeOdNpB3ks8jc7yM5CDmVC73eMVk/trk3fgmrUpA==",
    ],

    "@jridgewell/gen-mapping": [
      "@jridgewell/gen-mapping@0.3.13",
      "",
      {
        "dependencies": {
          "@jridgewell/sourcemap-codec": "^1.5.0",
          "@jridgewell/trace-mapping": "^0.3.24",
        },
      },
      "sha512-2kkt/7niJ6MgEPxF0bYdQ6etZaA+fQvDcLKckhy1yIQOzaoKjBBjSj63/aLVjYE3qhRt5dvM+uUyfCg6UKCBbA==",
    ],

    "@jridgewell/resolve-uri": [
      "@jridgewell/resolve-uri@3.1.2",
      "",
      {},
      "sha512-bRISgCIjP20/tbWSPWMEi54QVPRZExkuD9lJL+UIxUKtwVJA8wW1Trb1jMs1RFXo1CBTNZ/5hpC9QvmKWdopKw==",
    ],

    "@jridgewell/sourcemap-codec": [
      "@jridgewell/sourcemap-codec@1.5.5",
      "",
      {},
      "sha512-cYQ9310grqxueWbl+WuIUIaiUaDcj7WOq5fVhEljNVgRfOUhY9fy2zTvfoqWsnebh8Sl70VScFbICvJnLKB0Og==",
    ],

    "@jridgewell/trace-mapping": [
      "@jridgewell/trace-mapping@0.3.31",
      "",
      {
        "dependencies": {
          "@jridgewell/resolve-uri": "^3.1.0",
          "@jridgewell/sourcemap-codec": "^1.4.14",
        },
      },
      "sha512-zzNR+SdQSDJzc8joaeP8QQoCQr8NuYx2dIIytl1QeBEZHJ9uW6hebsrYgbz8hJwUQao3TWCMtmfV8Nu1twOLAw==",
    ],

    "@ripple-ts/prettier-plugin": [
      "@ripple-ts/prettier-plugin@0.2.158",
      "",
      { "peerDependencies": { "prettier": ">=2.0.0", "ripple": "*" } },
      "sha512-uNVM471FrNmGWICRfumWoK1mVMt3Y8eiXgD4RwJ9+6AMV/VOM55OrlfnWRtJmPxtvy3pE4f4ZfHkoUAlbWZWOw==",
    ],

    "@ripple-ts/vite-plugin": [
      "@ripple-ts/vite-plugin@0.2.158",
      "",
      {},
      "sha512-WXq6YzKkS0NkPireG8Cf4ljY3Gw3DKi343vlh+EdweacxQJLoIUUX12VMQkC9Cj3lF9MXw9jG/sgH+KgA99m+w==",
    ],

    "@sveltejs/acorn-typescript": [
      "@sveltejs/acorn-typescript@1.0.6",
      "",
      { "peerDependencies": { "acorn": "^8.9.0" } },
      "sha512-4awhxtMh4cx9blePWl10HRHj8Iivtqj+2QdDCSMDzxG+XKa9+VCNupQuCuvzEhYPzZSrX+0gC+0lHA/0fFKKQQ==",
    ],

    "@trivago/prettier-plugin-sort-imports": [
      "@trivago/prettier-plugin-sort-imports@6.0.0",
      "",
      {
        "dependencies": {
          "@babel/generator": "^7.28.0",
          "@babel/parser": "^7.28.0",
          "@babel/traverse": "^7.28.0",
          "@babel/types": "^7.28.0",
          "javascript-natural-sort": "^0.7.1",
          "lodash-es": "^4.17.21",
          "minimatch": "^9.0.0",
          "parse-imports-exports": "^0.2.4",
        },
        "peerDependencies": {
          "@vue/compiler-sfc": "3.x",
          "prettier": "2.x - 3.x",
          "prettier-plugin-ember-template-tag": ">= 2.0.0",
          "prettier-plugin-svelte": "3.x",
          "svelte": "4.x || 5.x",
        },
        "optionalPeers": [
          "@vue/compiler-sfc",
          "prettier-plugin-ember-template-tag",
          "prettier-plugin-svelte",
          "svelte",
        ],
      },
      "sha512-Xarx55ow0R8oC7ViL5fPmDsg1EBa1dVhyZFVbFXNtPPJyW2w9bJADIla8YFSaNG9N06XfcklA9O9vmw4noNxkQ==",
    ],

    "@types/estree": [
      "@types/estree@1.0.8",
      "",
      {},
      "sha512-dWHzHa2WqEXI/O1E9OjrocMTKJl2mSrEolh1Iomrv6U+JuNwaHXsXx9bLu5gG7BUWFIN0skIQJQ/L1rIex4X6w==",
    ],

    "acorn": [
      "acorn@8.15.0",
      "",
      { "bin": { "acorn": "bin/acorn" } },
      "sha512-NZyJarBfL7nWwIq+FDL6Zp/yHEhePMNnnJ0y3qfieCrmNvYct8uvtiV41UvlSe6apAfk0fY1FbWx+NwfmpvtTg==",
    ],

    "balanced-match": [
      "balanced-match@1.0.2",
      "",
      {},
      "sha512-3oSeUO0TMV67hN1AmbXsK4yaqU7tjiHlbxRDZOpH0KW9+CeX4bRAaX0Anxt0tx2MrpRpWwQaPwIlISEJhYU5Pw==",
    ],

    "brace-expansion": [
      "brace-expansion@2.0.2",
      "",
      { "dependencies": { "balanced-match": "^1.0.0" } },
      "sha512-Jt0vHyM+jmUBqojB7E1NIYadt0vI0Qxjxd2TErW94wDz+E2LAm5vKMXXwg6ZZBTHPuUlDgQHKXvjGBdfcF1ZDQ==",
    ],

    "clsx": [
      "clsx@2.1.1",
      "",
      {},
      "sha512-eYm0QWBtUrBWZWG0d386OGAw16Z995PiOVo2B7bjWSbHedGl5e0ZWaq65kOGgUSNesEIDkB9ISbTg/JK9dhCZA==",
    ],

    "debug": [
      "debug@4.4.3",
      "",
      { "dependencies": { "ms": "^2.1.3" } },
      "sha512-RGwwWnwQvkVfavKVt22FGLw+xYSdzARwm0ru6DhTVA3umU5hZc28V3kO4stgYryrTlLpuvgI9GiijltAjNbcqA==",
    ],

    "devalue": [
      "devalue@5.4.2",
      "",
      {},
      "sha512-MwPZTKEPK2k8Qgfmqrd48ZKVvzSQjgW0lXLxiIBA8dQjtf/6mw6pggHNLcyDKyf+fI6eXxlQwPsfaCMTU5U+Bw==",
    ],

    "esm-env": [
      "esm-env@1.2.2",
      "",
      {},
      "sha512-Epxrv+Nr/CaL4ZcFGPJIYLWFom+YeV1DqMLHJoEd9SYRxNbaFruBwfEX/kkHUJf55j2+TUbmDcmuilbP1TmXHA==",
    ],

    "esrap": [
      "esrap@2.1.2",
      "",
      { "dependencies": { "@jridgewell/sourcemap-codec": "^1.4.15" } },
      "sha512-DgvlIQeowRNyvLPWW4PT7Gu13WznY288Du086E751mwwbsgr29ytBiYeLzAGIo0qk3Ujob0SDk8TiSaM5WQzNg==",
    ],

    "is-reference": [
      "is-reference@3.0.3",
      "",
      { "dependencies": { "@types/estree": "^1.0.6" } },
      "sha512-ixkJoqQvAP88E6wLydLGGqCJsrFUnqoH6HnaczB8XmDH1oaWU+xxdptvikTgaEhtZ53Ky6YXiBuUI2WXLMCwjw==",
    ],

    "javascript-natural-sort": [
      "javascript-natural-sort@0.7.1",
      "",
      {},
      "sha512-nO6jcEfZWQXDhOiBtG2KvKyEptz7RVbpGP4vTD2hLBdmNQSsCiicO2Ioinv6UI4y9ukqnBpy+XZ9H6uLNgJTlw==",
    ],

    "js-tokens": [
      "js-tokens@4.0.0",
      "",
      {},
      "sha512-RdJUflcE3cUzKiMqQgsCu06FPu9UdIJO0beYbPhHN4k6apgJtifcoCtT9bcxOpYBtpD2kCM6Sbzg4CausW/PKQ==",
    ],

    "jsesc": [
      "jsesc@3.1.0",
      "",
      { "bin": { "jsesc": "bin/jsesc" } },
      "sha512-/sM3dO2FOzXjKQhJuo0Q173wf2KOo8t4I8vHy6lF9poUp7bKT0/NHE8fPX23PwfhnykfqnC2xRxOnVw5XuGIaA==",
    ],

    "lodash-es": [
      "lodash-es@4.17.21",
      "",
      {},
      "sha512-mKnC+QJ9pWVzv+C4/U3rRsHapFfHvQFoFB92e52xeyGMcX6/OlIl78je1u8vePzYZSkkogMPJ2yjxxsb89cxyw==",
    ],

    "magic-string": [
      "magic-string@0.30.21",
      "",
      { "dependencies": { "@jridgewell/sourcemap-codec": "^1.5.5" } },
      "sha512-vd2F4YUyEXKGcLHoq+TEyCjxueSeHnFxyyjNp80yg0XV4vUhnDer/lvvlqM/arB5bXQN5K2/3oinyCRyx8T2CQ==",
    ],

    "minimatch": [
      "minimatch@9.0.5",
      "",
      { "dependencies": { "brace-expansion": "^2.0.1" } },
      "sha512-G6T0ZX48xgozx7587koeX9Ys2NYy6Gmv//P89sEte9V9whIapMNF4idKxnW2QtCcLiTWlb/wfCabAtAFWhhBow==",
    ],

    "ms": [
      "ms@2.1.3",
      "",
      {},
      "sha512-6FlzubTLZG3J2a/NVCAleEhjzq5oxgHyaCU9yYXvcLsvoVaHJq/s5xXI6/XXP6tz7R9xAOtHnSO/tXtF3WRTlA==",
    ],

    "muggle-string": [
      "muggle-string@0.4.1",
      "",
      {},
      "sha512-VNTrAak/KhO2i8dqqnqnAHOa3cYBwXEZe9h+D5h/1ZqFSTEFHdM65lR7RoIqq3tBBYavsOXV84NoHXZ0AkPyqQ==",
    ],

    "parse-imports-exports": [
      "parse-imports-exports@0.2.4",
      "",
      { "dependencies": { "parse-statements": "1.0.11" } },
      "sha512-4s6vd6dx1AotCx/RCI2m7t7GCh5bDRUtGNvRfHSP2wbBQdMi67pPe7mtzmgwcaQ8VKK/6IB7Glfyu3qdZJPybQ==",
    ],

    "parse-statements": [
      "parse-statements@1.0.11",
      "",
      {},
      "sha512-HlsyYdMBnbPQ9Jr/VgJ1YF4scnldvJpJxCVx6KgqPL4dxppsWrJHCIIxQXMJrqGnsRkNPATbeMJ8Yxu7JMsYcA==",
    ],

    "picocolors": [
      "picocolors@1.1.1",
      "",
      {},
      "sha512-xceH2snhtb5M9liqDsmEw56le376mTZkEX/jEb/RxNFyegNul7eNslCXP9FDj/Lcu0X8KEyMceP2ntpaHrDEVA==",
    ],

    "prettier": [
      "prettier@3.6.2",
      "",
      { "bin": { "prettier": "bin/prettier.cjs" } },
      "sha512-I7AIg5boAr5R0FFtJ6rCfD+LFsWHp81dolrFD8S79U9tb8Az2nGrJncnMSnys+bpQJfRUzqs9hnA81OAA3hCuQ==",
    ],

    "ripple": [
      "ripple@0.2.158",
      "",
      {
        "dependencies": {
          "@jridgewell/sourcemap-codec": "^1.5.5",
          "@sveltejs/acorn-typescript": "^1.0.6",
          "acorn": "^8.15.0",
          "clsx": "^2.1.1",
          "devalue": "^5.3.2",
          "esm-env": "^1.2.2",
          "esrap": "^2.1.0",
          "is-reference": "^3.0.3",
          "magic-string": "^0.30.18",
          "muggle-string": "^0.4.1",
          "zimmerframe": "^1.1.2",
        },
        "peerDependencies": { "ripple": "0.2.158" },
      },
      "sha512-SSvuLtdYxP1lBIEDfJ1QRWlkEw5gCnU6S58OJ2vI6jbHK5CA/3JrCdXocnZgk5q/q2dvtr58WCtFmVfLMYT9Cw==",
    ],

    "typescript": [
      "typescript@5.9.3",
      "",
      { "bin": { "tsc": "bin/tsc", "tsserver": "bin/tsserver" } },
      "sha512-jl1vZzPDinLr9eUt3J/t7V6FgNEw9QjvBPdysz9KfQDD41fQrC2Y4vKQdiaUpFT4bXlb1RHhLpp8wtm6M5TgSw==",
    ],

    "zimmerframe": [
      "zimmerframe@1.1.4",
      "",
      {},
      "sha512-B58NGBEoc8Y9MWWCQGl/gq9xBCe4IiKM0a2x7GZdQKOW5Exr8S1W24J6OgM1njK8xCRGvAJIL/MxXHf6SkmQKQ==",
    ],
  },
}
